# THIS IS AN AUTOGENERATED FILE. DO NOT EDIT THIS FILE DIRECTLY.
# yarn lockfile v1


"coffee-script@~ 1.7.1":
  version "1.7.1"
  resolved "http://registry.npm.corp.qunar.com/coffee-script/download/coffee-script-1.7.1.tgz#62996a861780c75e6d5069d13822723b73404bfc"
  dependencies:
    mkdirp "~0.3.5"

"coffeescript-module@~ 0.2.1":
  version "0.2.1"
  resolved "http://registry.npm.corp.qunar.com/coffeescript-module/download/coffeescript-module-0.2.1.tgz#2c61aa86983cacd226719f9f1dda923cb0ae67b0"

iconv-lite@^0.4.4, "iconv-lite@~ 0.4.4":
  version "0.4.15"
  resolved "http://registry.npm.corp.qunar.com/iconv-lite/download/iconv-lite-0.4.15.tgz#fe265a218ac6a57cfe854927e9d04c19825eddeb"

jspack@0.0.4:
  version "0.0.4"
  resolved "http://registry.npm.corp.qunar.com/jspack/download/jspack-0.0.4.tgz#32dd35c7fdcb3e3456c18fbb7ef9ed0bc6238177"

"lodash@~ 4.0.0":
  version "4.0.1"
  resolved "http://registry.npm.corp.qunar.com/lodash/download/lodash-4.0.1.tgz#cd8c902c9e03f2e69ce3e0e456d505ab89eb98f4"

mkdirp@~0.3.5:
  version "0.3.5"
  resolved "http://registry.npm.corp.qunar.com/mkdirp/download/mkdirp-0.3.5.tgz#de3e5f8961c88c787ee1368df849ac4413eca8d7"

"parse-engine-data@~ 0.1":
  version "0.1.2"
  resolved "http://registry.npm.corp.qunar.com/parse-engine-data/download/parse-engine-data-0.1.2.tgz#5161f6133c9888f52155ecced42716575dfea052"
  dependencies:
    iconv-lite "^0.4.4"

"pngjs@~ 3.0.1":
  version "3.0.1"
  resolved "http://registry.npm.corp.qunar.com/pngjs/download/pngjs-3.0.1.tgz#b15086ac1ac47298c8fd3f9cdf364fa9879c4db6"

"rsvp@~ 3.0.6":
  version "3.0.21"
  resolved "http://registry.npm.corp.qunar.com/rsvp/download/rsvp-3.0.21.tgz#49c588fe18ef293bcd0ab9f4e6756e6ac433359f"
